
Microsoft Visual Studio Solution File, Format Version 12.00
# Visual Studio Version 17
VisualStudioVersion = 17.3.32929.385
MinimumVisualStudioVersion = 10.0.40219.1
Project("{9A19103F-16F7-4668-BE54-9A1E7A4F7556}") = "Store.Core", "Store.Core\Store.Core.csproj", "{ADF85FF4-80D6-4DFC-9D39-80E280C4FF49}"
EndProject
Project("{9A19103F-16F7-4668-BE54-9A1E7A4F7556}") = "Store.DataAccess", "Store.DataAccess\Store.DataAccess.csproj", "{28EFCD52-972D-4204-B5FA-AC3F7FA1EC01}"
EndProject
Project("{9A19103F-16F7-4668-BE54-9A1E7A4F7556}") = "Store.Application", "Store.Application\Store.Application.csproj", "{79FC43C2-B5D1-49CC-81D7-C1AD5443645E}"
EndProject
Global
	GlobalSection(SolutionConfigurationPlatforms) = preSolution
		Debug|Any CPU = Debug|Any CPU
		Release|Any CPU = Release|Any CPU
	EndGlobalSection
	GlobalSection(ProjectConfigurationPlatforms) = postSolution
		{ADF85FF4-80D6-4DFC-9D39-80E280C4FF49}.Debug|Any CPU.ActiveCfg = Debug|Any CPU
		{ADF85FF4-80D6-4DFC-9D39-80E280C4FF49}.Debug|Any CPU.Build.0 = Debug|Any CPU
		{ADF85FF4-80D6-4DFC-9D39-80E280C4FF49}.Release|Any CPU.ActiveCfg = Release|Any CPU
		{ADF85FF4-80D6-4DFC-9D39-80E280C4FF49}.Release|Any CPU.Build.0 = Release|Any CPU
		{28EFCD52-972D-4204-B5FA-AC3F7FA1EC01}.Debug|Any CPU.ActiveCfg = Debug|Any CPU
		{28EFCD52-972D-4204-B5FA-AC3F7FA1EC01}.Debug|Any CPU.Build.0 = Debug|Any CPU
		{28EFCD52-972D-4204-B5FA-AC3F7FA1EC01}.Release|Any CPU.ActiveCfg = Release|Any CPU
		{28EFCD52-972D-4204-B5FA-AC3F7FA1EC01}.Release|Any CPU.Build.0 = Release|Any CPU
		{79FC43C2-B5D1-49CC-81D7-C1AD5443645E}.Debug|Any CPU.ActiveCfg = Debug|Any CPU
		{79FC43C2-B5D1-49CC-81D7-C1AD5443645E}.Debug|Any CPU.Build.0 = Debug|Any CPU
		{79FC43C2-B5D1-49CC-81D7-C1AD5443645E}.Release|Any CPU.ActiveCfg = Release|Any CPU
		{79FC43C2-B5D1-49CC-81D7-C1AD5443645E}.Release|Any CPU.Build.0 = Release|Any CPU
	EndGlobalSection
	GlobalSection(SolutionProperties) = preSolution
		HideSolutionNode = FALSE
	EndGlobalSection
	GlobalSection(ExtensibilityGlobals) = postSolution
		SolutionGuid = {C27D2D3C-D736-4B0D-A3B0-3051BA808CFF}
	EndGlobalSection
EndGlobal
